
Microsoft Visual Studio Solution File, Format Version 12.00
# Visual Studio 15
VisualStudioVersion = 15.0.26430.13
MinimumVisualStudioVersion = 10.0.40219.1
Project("{FAE04EC0-301F-11D3-BF4B-00C04F79EFBC}") = "Cs7.Guess", "Cs7.Guess\Cs7.Guess.csproj", "{3C32EBD7-E6E5-4230-B203-0D358EDE2AB3}"
EndProject
Project("{FAE04EC0-301F-11D3-BF4B-00C04F79EFBC}") = "Cs7.Fibo", "Cs7.Fibo\Cs7.Fibo.csproj", "{CD87CB43-E597-4991-A35A-9942FE6CDAB4}"
EndProject
Project("{2150E333-8FDC-42A3-9474-1A3956D46DE8}") = "Solution Items", "Solution Items", "{21E94666-AC38-47BA-B2E4-C6D5C0144941}"
	ProjectSection(SolutionItems) = preProject
		Aristoteles0.md = Aristoteles0.md
		Aristoteles1.md = Aristoteles1.md
		Duck0.fsx = Duck0.fsx
		Duck1.csx = Duck1.csx
		Duck2.csx = Duck2.csx
		Duck3.csx = Duck3.csx
	EndProjectSection
EndProject
Global
	GlobalSection(SolutionConfigurationPlatforms) = preSolution
		Debug|Any CPU = Debug|Any CPU
		Release|Any CPU = Release|Any CPU
	EndGlobalSection
	GlobalSection(ProjectConfigurationPlatforms) = postSolution
		{3C32EBD7-E6E5-4230-B203-0D358EDE2AB3}.Debug|Any CPU.ActiveCfg = Debug|Any CPU
		{3C32EBD7-E6E5-4230-B203-0D358EDE2AB3}.Debug|Any CPU.Build.0 = Debug|Any CPU
		{3C32EBD7-E6E5-4230-B203-0D358EDE2AB3}.Release|Any CPU.ActiveCfg = Release|Any CPU
		{3C32EBD7-E6E5-4230-B203-0D358EDE2AB3}.Release|Any CPU.Build.0 = Release|Any CPU
		{CD87CB43-E597-4991-A35A-9942FE6CDAB4}.Debug|Any CPU.ActiveCfg = Debug|Any CPU
		{CD87CB43-E597-4991-A35A-9942FE6CDAB4}.Debug|Any CPU.Build.0 = Debug|Any CPU
		{CD87CB43-E597-4991-A35A-9942FE6CDAB4}.Release|Any CPU.ActiveCfg = Release|Any CPU
		{CD87CB43-E597-4991-A35A-9942FE6CDAB4}.Release|Any CPU.Build.0 = Release|Any CPU
	EndGlobalSection
	GlobalSection(SolutionProperties) = preSolution
		HideSolutionNode = FALSE
	EndGlobalSection
EndGlobal
